
Microsoft Visual Studio Solution File, Format Version 12.00
Project("{FAE04EC0-301F-11D3-BF4B-00C04F79EFBC}") = "TddTests", "tests\TddTests\TddTests.csproj", "{C271B69F-FB8D-462F-B186-6FEFE4819E1F}"
EndProject
Project("{2150E333-8FDC-42A3-9474-1A3956D46DE8}") = "tests", "tests", "{2FB53A0B-54FE-4C99-B9D1-35944A15306A}"
EndProject
Project("{2150E333-8FDC-42A3-9474-1A3956D46DE8}") = "src", "src", "{A2A8237F-DF86-41D7-B531-6587AABF6B4A}"
EndProject
Project("{FAE04EC0-301F-11D3-BF4B-00C04F79EFBC}") = "RegrasNegocio", "src\RegrasNegocio\RegrasNegocio.csproj", "{35FDD263-5F76-4F5B-A44D-128691172A98}"
EndProject
Project("{FAE04EC0-301F-11D3-BF4B-00C04F79EFBC}") = "ConsoleApp", "src\ConsoleApp\ConsoleApp.csproj", "{57B4258B-937F-4E60-9C21-EB3A781E3AA5}"
EndProject
Global
	GlobalSection(SolutionConfigurationPlatforms) = preSolution
		Debug|Any CPU = Debug|Any CPU
		Release|Any CPU = Release|Any CPU
	EndGlobalSection
	GlobalSection(ProjectConfigurationPlatforms) = postSolution
		{C271B69F-FB8D-462F-B186-6FEFE4819E1F}.Debug|Any CPU.ActiveCfg = Debug|Any CPU
		{C271B69F-FB8D-462F-B186-6FEFE4819E1F}.Debug|Any CPU.Build.0 = Debug|Any CPU
		{C271B69F-FB8D-462F-B186-6FEFE4819E1F}.Release|Any CPU.ActiveCfg = Release|Any CPU
		{C271B69F-FB8D-462F-B186-6FEFE4819E1F}.Release|Any CPU.Build.0 = Release|Any CPU
		{35FDD263-5F76-4F5B-A44D-128691172A98}.Debug|Any CPU.ActiveCfg = Debug|Any CPU
		{35FDD263-5F76-4F5B-A44D-128691172A98}.Debug|Any CPU.Build.0 = Debug|Any CPU
		{35FDD263-5F76-4F5B-A44D-128691172A98}.Release|Any CPU.ActiveCfg = Release|Any CPU
		{35FDD263-5F76-4F5B-A44D-128691172A98}.Release|Any CPU.Build.0 = Release|Any CPU
		{57B4258B-937F-4E60-9C21-EB3A781E3AA5}.Debug|Any CPU.ActiveCfg = Debug|Any CPU
		{57B4258B-937F-4E60-9C21-EB3A781E3AA5}.Debug|Any CPU.Build.0 = Debug|Any CPU
		{57B4258B-937F-4E60-9C21-EB3A781E3AA5}.Release|Any CPU.ActiveCfg = Release|Any CPU
		{57B4258B-937F-4E60-9C21-EB3A781E3AA5}.Release|Any CPU.Build.0 = Release|Any CPU
	EndGlobalSection
	GlobalSection(NestedProjects) = preSolution
		{C271B69F-FB8D-462F-B186-6FEFE4819E1F} = {2FB53A0B-54FE-4C99-B9D1-35944A15306A}
		{35FDD263-5F76-4F5B-A44D-128691172A98} = {A2A8237F-DF86-41D7-B531-6587AABF6B4A}
		{57B4258B-937F-4E60-9C21-EB3A781E3AA5} = {A2A8237F-DF86-41D7-B531-6587AABF6B4A}
	EndGlobalSection
EndGlobal
